
Microsoft Visual Studio Solution File, Format Version 12.00
# Visual Studio Version 17
VisualStudioVersion = 17.0.31903.59
MinimumVisualStudioVersion = 10.0.40219.1
Project("{FAE04EC0-301F-11D3-BF4B-00C04F79EFBC}") = "TeamsMeetingDemo", "TeamsMeetingDemo\TeamsMeetingDemo.csproj", "{1432FD21-C1D5-4D60-AB22-A700173F5055}"
EndProject
Global
	GlobalSection(SolutionConfigurationPlatforms) = preSolution
		Debug|Any CPU = Debug|Any CPU
		Release|Any CPU = Release|Any CPU
	EndGlobalSection
	GlobalSection(SolutionProperties) = preSolution
		HideSolutionNode = FALSE
	EndGlobalSection
	GlobalSection(ProjectConfigurationPlatforms) = postSolution
		{1432FD21-C1D5-4D60-AB22-A700173F5055}.Debug|Any CPU.ActiveCfg = Debug|Any CPU
		{1432FD21-C1D5-4D60-AB22-A700173F5055}.Debug|Any CPU.Build.0 = Debug|Any CPU
		{1432FD21-C1D5-4D60-AB22-A700173F5055}.Release|Any CPU.ActiveCfg = Release|Any CPU
		{1432FD21-C1D5-4D60-AB22-A700173F5055}.Release|Any CPU.Build.0 = Release|Any CPU
	EndGlobalSection
EndGlobal
